{
  "name": "foo",
  "version": "1.0.0",
  "lockfileVersion": 2,
  "requires": true,
  "packages": {
    "": {
      "name": "foo",
      "version": "1.0.0",
      "license": "ISC",
      "dependencies": {
        "aws4fetch": "^1.0.16"
      }
    },
    "node_modules/aws4fetch": {
      "version": "1.0.16",
      "resolved": "https://registry.npmjs.org/aws4fetch/-/aws4fetch-1.0.16.tgz",
      "integrity": "sha512-S3C81MM1adgOH8XL4Ur2QSwEgBI57rHq0XkuJj5GExXQoM8Ohy26xEad2/cx1kv0hTuvf2JAHyaZZSuR5/24eQ=="
    }
  },
  "dependencies": {
    "aws4fetch": {
      "version": "1.0.16",
      "resolved": "https://registry.npmjs.org/aws4fetch/-/aws4fetch-1.0.16.tgz",
      "integrity": "sha512-S3C81MM1adgOH8XL4Ur2QSwEgBI57rHq0XkuJj5GExXQoM8Ohy26xEad2/cx1kv0hTuvf2JAHyaZZSuR5/24eQ=="
    }
  }
}
